
Microsoft Visual Studio Solution File, Format Version 12.00
# Visual Studio 15
VisualStudioVersion = 15.0.28307.645
MinimumVisualStudioVersion = 10.0.40219.1
Project("{FAE04EC0-301F-11D3-BF4B-00C04F79EFBC}") = "chapiHashFile", "chapiHashFile\chapiHashFile.csproj", "{45B3678C-EA38-4D9F-AAC6-E72C865FFB1B}"
EndProject
Global
	GlobalSection(SolutionConfigurationPlatforms) = preSolution
		Debug|Any CPU = Debug|Any CPU
		Release|Any CPU = Release|Any CPU
	EndGlobalSection
	GlobalSection(ProjectConfigurationPlatforms) = postSolution
		{45B3678C-EA38-4D9F-AAC6-E72C865FFB1B}.Debug|Any CPU.ActiveCfg = Debug|Any CPU
		{45B3678C-EA38-4D9F-AAC6-E72C865FFB1B}.Debug|Any CPU.Build.0 = Debug|Any CPU
		{45B3678C-EA38-4D9F-AAC6-E72C865FFB1B}.Release|Any CPU.ActiveCfg = Release|Any CPU
		{45B3678C-EA38-4D9F-AAC6-E72C865FFB1B}.Release|Any CPU.Build.0 = Release|Any CPU
	EndGlobalSection
	GlobalSection(SolutionProperties) = preSolution
		HideSolutionNode = FALSE
	EndGlobalSection
	GlobalSection(ExtensibilityGlobals) = postSolution
		SolutionGuid = {45955F92-4E50-4AEF-8F49-D4A6161A1C13}
	EndGlobalSection
EndGlobal
